<Solution>
  <Folder Name="/Task0/">
    <Project Path="Tyuiu.AndrianovSA.Sprint1.Task0.V23.Lib/Tyuiu.AndrianovSA.Sprint1.Task0.V23.Lib.csproj" />
    <Project Path="Tyuiu.AndrianovSA.Sprint1.Task0.V23.Test/Tyuiu.AndrianovSA.Sprint1.Task0.V23.Test.csproj" />
    <Project Path="Tyuiu.AndrianovSA.Sprint1.Task0.V23/Tyuiu.AndrianovSA.Sprint1.Task0.V23.csproj" />
  </Folder>
  <Folder Name="/Task1/">
    <Project Path="Tyuiu.AndrianovSA.Sprint1.Task1.V23.Lib/Tyuiu.AndrianovSA.Sprint1.Task1.V23.Lib.csproj" />
    <Project Path="Tyuiu.AndrianovSA.Sprint1.Task1.V23.Test/Tyuiu.AndrianovSA.Sprint1.Task1.V23.Test.csproj" />
    <Project Path="Tyuiu.AndrianovSA.Sprint1.Task1.V23/Tyuiu.AndrianovSA.Sprint1.Task1.V23.csproj" />
  </Folder>
  <Folder Name="/Task2/">
    <Project Path="Tyuiu.AndrianovSA.Sprint1.Task2.V13.Lib/Tyuiu.AndrianovSA.Sprint1.Task2.V13.Lib.csproj" Id="e5f376a9-95b4-4572-842d-6b2afd69a5df" />
    <Project Path="Tyuiu.AndrianovSA.Sprint1.Task2.V13.Test/Tyuiu.AndrianovSA.Sprint1.Task2.V13.Test.csproj" Id="7cfab448-d90e-4ed4-9924-bb02272885e3" />
    <Project Path="Tyuiu.AndrianovSA.Sprint1.Task2.V13/Tyuiu.AndrianovSA.Sprint1.Task2.V13.csproj" Id="73a54db3-ff6c-41c4-84c6-16d4039e75a8" />
  </Folder>
  <Folder Name="/Task3/">
    <Project Path="Tyuiu.AndrianovSA.Sprint1.Task3.V19.Lib/Tyuiu.AndrianovSA.Sprint1.Task3.V19.Lib.csproj" Id="e8d46871-320b-4e57-a4ea-9ea1a18de130" />
    <Project Path="Tyuiu.AndrianovSA.Sprint1.Task3.V19.Test/Tyuiu.AndrianovSA.Sprint1.Task3.V19.Test.csproj" Id="ffd71e1c-c560-4668-9484-7316334125a3" />
    <Project Path="Tyuiu.AndrianovSA.Sprint1.Task3.V19/Tyuiu.AndrianovSA.Sprint1.Task3.V19.csproj" Id="39d78e7c-2f3f-4bf8-90bb-48b2c43314c4" />
  </Folder>
  <Folder Name="/Task4/">
    <Project Path="Tyuiu.AndrianovSA.Sprint1.Task4.V20.Lib/Tyuiu.AndrianovSA.Sprint1.Task4.V20.Lib.csproj" Id="000b86d1-c83a-466b-b5ad-fc96169438ca" />
    <Project Path="Tyuiu.AndrianovSA.Sprint1.Task4.V20.Test/Tyuiu.AndrianovSA.Sprint1.Task4.V20.Test.csproj" Id="a274d9c8-24d9-4829-a404-11464d5b72a4" />
    <Project Path="Tyuiu.AndrianovSA.Sprint1.Task4.V20/Tyuiu.AndrianovSA.Sprint1.Task4.V20.csproj" Id="a6629dac-d552-487a-bcef-18313881b58f" />
  </Folder>
</Solution>
